
Microsoft Visual Studio Solution File, Format Version 12.00
# Visual Studio Version 16
VisualStudioVersion = 16.0.29728.190
MinimumVisualStudioVersion = 10.0.40219.1
Project("{FAE04EC0-301F-11D3-BF4B-00C04F79EFBC}") = "Demelain.Client", "Demelain\Demelain.Client\Demelain.Client.csproj", "{602DA2A3-3967-445C-8C67-E5B36D95DFF5}"
EndProject
Project("{FAE04EC0-301F-11D3-BF4B-00C04F79EFBC}") = "Demelain.AuthServer", "Demelain\Demelain.AuthServer\Demelain.AuthServer.csproj", "{100D069E-4962-4CA3-809D-F9E4FED0403F}"
EndProject
Project("{FAE04EC0-301F-11D3-BF4B-00C04F79EFBC}") = "Demelain.Server", "Demelain\Demelain.Server\Demelain.Server.csproj", "{3B266932-3F27-4487-AE7F-38A248D49D9E}"
EndProject
Global
	GlobalSection(SolutionConfigurationPlatforms) = preSolution
		Debug|Any CPU = Debug|Any CPU
		Release|Any CPU = Release|Any CPU
	EndGlobalSection
	GlobalSection(ProjectConfigurationPlatforms) = postSolution
		{602DA2A3-3967-445C-8C67-E5B36D95DFF5}.Debug|Any CPU.ActiveCfg = Debug|Any CPU
		{602DA2A3-3967-445C-8C67-E5B36D95DFF5}.Debug|Any CPU.Build.0 = Debug|Any CPU
		{602DA2A3-3967-445C-8C67-E5B36D95DFF5}.Release|Any CPU.ActiveCfg = Release|Any CPU
		{602DA2A3-3967-445C-8C67-E5B36D95DFF5}.Release|Any CPU.Build.0 = Release|Any CPU
		{100D069E-4962-4CA3-809D-F9E4FED0403F}.Debug|Any CPU.ActiveCfg = Debug|Any CPU
		{100D069E-4962-4CA3-809D-F9E4FED0403F}.Debug|Any CPU.Build.0 = Debug|Any CPU
		{100D069E-4962-4CA3-809D-F9E4FED0403F}.Release|Any CPU.ActiveCfg = Release|Any CPU
		{100D069E-4962-4CA3-809D-F9E4FED0403F}.Release|Any CPU.Build.0 = Release|Any CPU
		{3B266932-3F27-4487-AE7F-38A248D49D9E}.Debug|Any CPU.ActiveCfg = Debug|Any CPU
		{3B266932-3F27-4487-AE7F-38A248D49D9E}.Debug|Any CPU.Build.0 = Debug|Any CPU
		{3B266932-3F27-4487-AE7F-38A248D49D9E}.Release|Any CPU.ActiveCfg = Release|Any CPU
		{3B266932-3F27-4487-AE7F-38A248D49D9E}.Release|Any CPU.Build.0 = Release|Any CPU
	EndGlobalSection
	GlobalSection(SolutionProperties) = preSolution
		HideSolutionNode = FALSE
	EndGlobalSection
	GlobalSection(ExtensibilityGlobals) = postSolution
		SolutionGuid = {AC5A03B2-EE33-4971-A1D4-245236B7A6AD}
	EndGlobalSection
EndGlobal
