
Microsoft Visual Studio Solution File, Format Version 12.00
# Visual Studio Version 16
VisualStudioVersion = 16.0.29728.190
MinimumVisualStudioVersion = 10.0.40219.1
Project("{FAE04EC0-301F-11D3-BF4B-00C04F79EFBC}") = "Demelain.Server", "Demelain\Server\Demelain.Server.csproj", "{26D66086-C635-48FA-B060-850C54879B57}"
EndProject
Project("{FAE04EC0-301F-11D3-BF4B-00C04F79EFBC}") = "Demelain.Client", "Demelain\Client\Demelain.Client.csproj", "{33F631F1-48B6-4EEE-8C74-C9C99DE4FF49}"
EndProject
Project("{FAE04EC0-301F-11D3-BF4B-00C04F79EFBC}") = "Demelain.Shared", "Demelain\Shared\Demelain.Shared.csproj", "{9F69951C-F948-4FB1-BB97-B8B77001D6AB}"
EndProject
Global
	GlobalSection(SolutionConfigurationPlatforms) = preSolution
		Debug|Any CPU = Debug|Any CPU
		Release|Any CPU = Release|Any CPU
	EndGlobalSection
	GlobalSection(ProjectConfigurationPlatforms) = postSolution
		{26D66086-C635-48FA-B060-850C54879B57}.Debug|Any CPU.ActiveCfg = Debug|Any CPU
		{26D66086-C635-48FA-B060-850C54879B57}.Debug|Any CPU.Build.0 = Debug|Any CPU
		{26D66086-C635-48FA-B060-850C54879B57}.Release|Any CPU.ActiveCfg = Release|Any CPU
		{26D66086-C635-48FA-B060-850C54879B57}.Release|Any CPU.Build.0 = Release|Any CPU
		{33F631F1-48B6-4EEE-8C74-C9C99DE4FF49}.Debug|Any CPU.ActiveCfg = Debug|Any CPU
		{33F631F1-48B6-4EEE-8C74-C9C99DE4FF49}.Debug|Any CPU.Build.0 = Debug|Any CPU
		{33F631F1-48B6-4EEE-8C74-C9C99DE4FF49}.Release|Any CPU.ActiveCfg = Release|Any CPU
		{33F631F1-48B6-4EEE-8C74-C9C99DE4FF49}.Release|Any CPU.Build.0 = Release|Any CPU
		{9F69951C-F948-4FB1-BB97-B8B77001D6AB}.Debug|Any CPU.ActiveCfg = Debug|Any CPU
		{9F69951C-F948-4FB1-BB97-B8B77001D6AB}.Debug|Any CPU.Build.0 = Debug|Any CPU
		{9F69951C-F948-4FB1-BB97-B8B77001D6AB}.Release|Any CPU.ActiveCfg = Release|Any CPU
		{9F69951C-F948-4FB1-BB97-B8B77001D6AB}.Release|Any CPU.Build.0 = Release|Any CPU
	EndGlobalSection
	GlobalSection(SolutionProperties) = preSolution
		HideSolutionNode = FALSE
	EndGlobalSection
	GlobalSection(ExtensibilityGlobals) = postSolution
		SolutionGuid = {AC5A03B2-EE33-4971-A1D4-245236B7A6AD}
	EndGlobalSection
EndGlobal
